
Microsoft Visual Studio Solution File, Format Version 12.00
# Visual Studio Version 16
VisualStudioVersion = 16.0.30907.101
MinimumVisualStudioVersion = 10.0.40219.1
Project("{9A19103F-16F7-4668-BE54-9A1E7A4F7556}") = "__CodeExercises", "WhiteboardSD9\__CodeExercises.csproj", "{B5A29401-05C4-4A5F-8624-D17088129748}"
EndProject
Project("{9A19103F-16F7-4668-BE54-9A1E7A4F7556}") = "Circle", "Circle\Circle.csproj", "{BDA99F63-DBB0-4D6E-BCD7-3CE4F26934A2}"
EndProject
Project("{9A19103F-16F7-4668-BE54-9A1E7A4F7556}") = "Squares", "Squares\Squares.csproj", "{85D04D86-48BA-47BF-AA02-42403D8D944A}"
EndProject
Project("{9A19103F-16F7-4668-BE54-9A1E7A4F7556}") = "SquaresTest", "SquaresTest\SquaresTest.csproj", "{843D2768-052D-4A86-B513-41AF9E4646D0}"
EndProject
Project("{9A19103F-16F7-4668-BE54-9A1E7A4F7556}") = "Triangles", "Triangles\Triangles.csproj", "{85346559-3D4F-46E4-A054-036D0D950CBE}"
EndProject
Project("{9A19103F-16F7-4668-BE54-9A1E7A4F7556}") = "TrianglesTest", "TrianglesTest\TrianglesTest.csproj", "{5A23FFF4-2DAB-48A2-B1F6-73611E6F4F19}"
EndProject
Project("{9A19103F-16F7-4668-BE54-9A1E7A4F7556}") = "Alphabetize", "Alphabetize\Alphabetize.csproj", "{AE1EC0B9-62D8-4D52-8C31-368A4F145A39}"
EndProject
Project("{9A19103F-16F7-4668-BE54-9A1E7A4F7556}") = "AlphabetizeTest", "AlphatizeTest\AlphabetizeTest.csproj", "{E2B196B5-FCED-43B0-89DD-379E52941655}"
EndProject
Project("{9A19103F-16F7-4668-BE54-9A1E7A4F7556}") = "CamelCase", "CamelCase\CamelCase.csproj", "{3155C284-4655-4223-9FD8-3489A8AA586E}"
EndProject
Project("{9A19103F-16F7-4668-BE54-9A1E7A4F7556}") = "CamelCaseTest", "CamelCaseTest\CamelCaseTest.csproj", "{562B89CB-7B3A-4E0C-9BE2-7A4005638561}"
EndProject
Project("{9A19103F-16F7-4668-BE54-9A1E7A4F7556}") = "Primes", "Primes\Primes.csproj", "{EDD9B863-9C4B-4AE1-90B1-E4D7E13142EA}"
EndProject
Project("{9A19103F-16F7-4668-BE54-9A1E7A4F7556}") = "PrimesTest", "PrimesTest\PrimesTest.csproj", "{3C503048-63D4-4ADB-8F9E-7C53C7716AC2}"
EndProject
Project("{9A19103F-16F7-4668-BE54-9A1E7A4F7556}") = "ArraySort", "ArraySort\ArraySort.csproj", "{2D530AB1-D6AC-4550-A986-9F3993250493}"
EndProject
Project("{9A19103F-16F7-4668-BE54-9A1E7A4F7556}") = "ArraySortTest", "ArraySortTest\ArraySortTest.csproj", "{6B0B101A-DE4C-44E2-B8A1-4FF58C6B9526}"
EndProject
Project("{9A19103F-16F7-4668-BE54-9A1E7A4F7556}") = "ArrayMethods", "Arrays\ArrayMethods.csproj", "{F6E8FEA3-C77B-4E2B-9259-E6E88CC1A949}"
EndProject
Project("{9A19103F-16F7-4668-BE54-9A1E7A4F7556}") = "ArrayMethodsTest", "ArraysTest\ArrayMethodsTest.csproj", "{3D09E532-1EE2-4506-B630-E346C8CD85EF}"
EndProject
Project("{9A19103F-16F7-4668-BE54-9A1E7A4F7556}") = "OddOrEven", "OddOrEven\OddOrEven.csproj", "{F1677F76-BB97-4C67-9D73-FA27C3E625CF}"
EndProject
Project("{9A19103F-16F7-4668-BE54-9A1E7A4F7556}") = "CaesarCipher", "CaesarCypher\CaesarCipher.csproj", "{D9A035A5-7619-4630-9EDD-F1B9961F72B0}"
EndProject
Project("{9A19103F-16F7-4668-BE54-9A1E7A4F7556}") = "CaesarCipherTest", "CaesarCypherTest\CaesarCipherTest.csproj", "{7EA667F6-7454-47AD-9082-72102E66AF79}"
EndProject
Project("{FAE04EC0-301F-11D3-BF4B-00C04F79EFBC}") = "BinaryFunctions", "BinaryFunctions\BinaryFunctions.csproj", "{B48EF787-0F5A-44AF-A16F-9665BED17F8F}"
EndProject
Project("{FAE04EC0-301F-11D3-BF4B-00C04F79EFBC}") = "BinaryFunctionsTest", "BinaryFunctionsTest\BinaryFunctionsTest.csproj", "{35091CE2-1CE9-4025-BD60-8A3042DA6433}"
EndProject
Project("{FAE04EC0-301F-11D3-BF4B-00C04F79EFBC}") = "Calendar", "Calendar\Calendar.csproj", "{FCBBDC2A-B65D-455B-841E-83F0EBB777C1}"
EndProject
Project("{FAE04EC0-301F-11D3-BF4B-00C04F79EFBC}") = "CalendarTest", "CalendarTest\CalendarTest.csproj", "{46551A1F-B33D-4B91-AD6A-88D5FDB8A93D}"
EndProject
Project("{FAE04EC0-301F-11D3-BF4B-00C04F79EFBC}") = "Clock", "Clock\Clock.csproj", "{7ECF238B-3AAF-4DA3-A9C8-735F85769124}"
EndProject
Project("{FAE04EC0-301F-11D3-BF4B-00C04F79EFBC}") = "ClockTest", "ClockTest\ClockTest.csproj", "{C2EFA489-73B1-4E13-B61A-91333C2D6316}"
EndProject
Global
	GlobalSection(SolutionConfigurationPlatforms) = preSolution
		Debug|Any CPU = Debug|Any CPU
		Release|Any CPU = Release|Any CPU
	EndGlobalSection
	GlobalSection(ProjectConfigurationPlatforms) = postSolution
		{B5A29401-05C4-4A5F-8624-D17088129748}.Debug|Any CPU.ActiveCfg = Debug|Any CPU
		{B5A29401-05C4-4A5F-8624-D17088129748}.Debug|Any CPU.Build.0 = Debug|Any CPU
		{B5A29401-05C4-4A5F-8624-D17088129748}.Release|Any CPU.ActiveCfg = Release|Any CPU
		{B5A29401-05C4-4A5F-8624-D17088129748}.Release|Any CPU.Build.0 = Release|Any CPU
		{BDA99F63-DBB0-4D6E-BCD7-3CE4F26934A2}.Debug|Any CPU.ActiveCfg = Debug|Any CPU
		{BDA99F63-DBB0-4D6E-BCD7-3CE4F26934A2}.Debug|Any CPU.Build.0 = Debug|Any CPU
		{BDA99F63-DBB0-4D6E-BCD7-3CE4F26934A2}.Release|Any CPU.ActiveCfg = Release|Any CPU
		{BDA99F63-DBB0-4D6E-BCD7-3CE4F26934A2}.Release|Any CPU.Build.0 = Release|Any CPU
		{85D04D86-48BA-47BF-AA02-42403D8D944A}.Debug|Any CPU.ActiveCfg = Debug|Any CPU
		{85D04D86-48BA-47BF-AA02-42403D8D944A}.Debug|Any CPU.Build.0 = Debug|Any CPU
		{85D04D86-48BA-47BF-AA02-42403D8D944A}.Release|Any CPU.ActiveCfg = Release|Any CPU
		{85D04D86-48BA-47BF-AA02-42403D8D944A}.Release|Any CPU.Build.0 = Release|Any CPU
		{843D2768-052D-4A86-B513-41AF9E4646D0}.Debug|Any CPU.ActiveCfg = Debug|Any CPU
		{843D2768-052D-4A86-B513-41AF9E4646D0}.Debug|Any CPU.Build.0 = Debug|Any CPU
		{843D2768-052D-4A86-B513-41AF9E4646D0}.Release|Any CPU.ActiveCfg = Release|Any CPU
		{843D2768-052D-4A86-B513-41AF9E4646D0}.Release|Any CPU.Build.0 = Release|Any CPU
		{85346559-3D4F-46E4-A054-036D0D950CBE}.Debug|Any CPU.ActiveCfg = Debug|Any CPU
		{85346559-3D4F-46E4-A054-036D0D950CBE}.Debug|Any CPU.Build.0 = Debug|Any CPU
		{85346559-3D4F-46E4-A054-036D0D950CBE}.Release|Any CPU.ActiveCfg = Release|Any CPU
		{85346559-3D4F-46E4-A054-036D0D950CBE}.Release|Any CPU.Build.0 = Release|Any CPU
		{5A23FFF4-2DAB-48A2-B1F6-73611E6F4F19}.Debug|Any CPU.ActiveCfg = Debug|Any CPU
		{5A23FFF4-2DAB-48A2-B1F6-73611E6F4F19}.Debug|Any CPU.Build.0 = Debug|Any CPU
		{5A23FFF4-2DAB-48A2-B1F6-73611E6F4F19}.Release|Any CPU.ActiveCfg = Release|Any CPU
		{5A23FFF4-2DAB-48A2-B1F6-73611E6F4F19}.Release|Any CPU.Build.0 = Release|Any CPU
		{AE1EC0B9-62D8-4D52-8C31-368A4F145A39}.Debug|Any CPU.ActiveCfg = Debug|Any CPU
		{AE1EC0B9-62D8-4D52-8C31-368A4F145A39}.Debug|Any CPU.Build.0 = Debug|Any CPU
		{AE1EC0B9-62D8-4D52-8C31-368A4F145A39}.Release|Any CPU.ActiveCfg = Release|Any CPU
		{AE1EC0B9-62D8-4D52-8C31-368A4F145A39}.Release|Any CPU.Build.0 = Release|Any CPU
		{E2B196B5-FCED-43B0-89DD-379E52941655}.Debug|Any CPU.ActiveCfg = Debug|Any CPU
		{E2B196B5-FCED-43B0-89DD-379E52941655}.Debug|Any CPU.Build.0 = Debug|Any CPU
		{E2B196B5-FCED-43B0-89DD-379E52941655}.Release|Any CPU.ActiveCfg = Release|Any CPU
		{E2B196B5-FCED-43B0-89DD-379E52941655}.Release|Any CPU.Build.0 = Release|Any CPU
		{3155C284-4655-4223-9FD8-3489A8AA586E}.Debug|Any CPU.ActiveCfg = Debug|Any CPU
		{3155C284-4655-4223-9FD8-3489A8AA586E}.Debug|Any CPU.Build.0 = Debug|Any CPU
		{3155C284-4655-4223-9FD8-3489A8AA586E}.Release|Any CPU.ActiveCfg = Release|Any CPU
		{3155C284-4655-4223-9FD8-3489A8AA586E}.Release|Any CPU.Build.0 = Release|Any CPU
		{562B89CB-7B3A-4E0C-9BE2-7A4005638561}.Debug|Any CPU.ActiveCfg = Debug|Any CPU
		{562B89CB-7B3A-4E0C-9BE2-7A4005638561}.Debug|Any CPU.Build.0 = Debug|Any CPU
		{562B89CB-7B3A-4E0C-9BE2-7A4005638561}.Release|Any CPU.ActiveCfg = Release|Any CPU
		{562B89CB-7B3A-4E0C-9BE2-7A4005638561}.Release|Any CPU.Build.0 = Release|Any CPU
		{EDD9B863-9C4B-4AE1-90B1-E4D7E13142EA}.Debug|Any CPU.ActiveCfg = Debug|Any CPU
		{EDD9B863-9C4B-4AE1-90B1-E4D7E13142EA}.Debug|Any CPU.Build.0 = Debug|Any CPU
		{EDD9B863-9C4B-4AE1-90B1-E4D7E13142EA}.Release|Any CPU.ActiveCfg = Release|Any CPU
		{EDD9B863-9C4B-4AE1-90B1-E4D7E13142EA}.Release|Any CPU.Build.0 = Release|Any CPU
		{3C503048-63D4-4ADB-8F9E-7C53C7716AC2}.Debug|Any CPU.ActiveCfg = Debug|Any CPU
		{3C503048-63D4-4ADB-8F9E-7C53C7716AC2}.Debug|Any CPU.Build.0 = Debug|Any CPU
		{3C503048-63D4-4ADB-8F9E-7C53C7716AC2}.Release|Any CPU.ActiveCfg = Release|Any CPU
		{3C503048-63D4-4ADB-8F9E-7C53C7716AC2}.Release|Any CPU.Build.0 = Release|Any CPU
		{2D530AB1-D6AC-4550-A986-9F3993250493}.Debug|Any CPU.ActiveCfg = Debug|Any CPU
		{2D530AB1-D6AC-4550-A986-9F3993250493}.Debug|Any CPU.Build.0 = Debug|Any CPU
		{2D530AB1-D6AC-4550-A986-9F3993250493}.Release|Any CPU.ActiveCfg = Release|Any CPU
		{2D530AB1-D6AC-4550-A986-9F3993250493}.Release|Any CPU.Build.0 = Release|Any CPU
		{6B0B101A-DE4C-44E2-B8A1-4FF58C6B9526}.Debug|Any CPU.ActiveCfg = Debug|Any CPU
		{6B0B101A-DE4C-44E2-B8A1-4FF58C6B9526}.Debug|Any CPU.Build.0 = Debug|Any CPU
		{6B0B101A-DE4C-44E2-B8A1-4FF58C6B9526}.Release|Any CPU.ActiveCfg = Release|Any CPU
		{6B0B101A-DE4C-44E2-B8A1-4FF58C6B9526}.Release|Any CPU.Build.0 = Release|Any CPU
		{F6E8FEA3-C77B-4E2B-9259-E6E88CC1A949}.Debug|Any CPU.ActiveCfg = Debug|Any CPU
		{F6E8FEA3-C77B-4E2B-9259-E6E88CC1A949}.Debug|Any CPU.Build.0 = Debug|Any CPU
		{F6E8FEA3-C77B-4E2B-9259-E6E88CC1A949}.Release|Any CPU.ActiveCfg = Release|Any CPU
		{F6E8FEA3-C77B-4E2B-9259-E6E88CC1A949}.Release|Any CPU.Build.0 = Release|Any CPU
		{3D09E532-1EE2-4506-B630-E346C8CD85EF}.Debug|Any CPU.ActiveCfg = Debug|Any CPU
		{3D09E532-1EE2-4506-B630-E346C8CD85EF}.Debug|Any CPU.Build.0 = Debug|Any CPU
		{3D09E532-1EE2-4506-B630-E346C8CD85EF}.Release|Any CPU.ActiveCfg = Release|Any CPU
		{3D09E532-1EE2-4506-B630-E346C8CD85EF}.Release|Any CPU.Build.0 = Release|Any CPU
		{F1677F76-BB97-4C67-9D73-FA27C3E625CF}.Debug|Any CPU.ActiveCfg = Debug|Any CPU
		{F1677F76-BB97-4C67-9D73-FA27C3E625CF}.Debug|Any CPU.Build.0 = Debug|Any CPU
		{F1677F76-BB97-4C67-9D73-FA27C3E625CF}.Release|Any CPU.ActiveCfg = Release|Any CPU
		{F1677F76-BB97-4C67-9D73-FA27C3E625CF}.Release|Any CPU.Build.0 = Release|Any CPU
		{D9A035A5-7619-4630-9EDD-F1B9961F72B0}.Debug|Any CPU.ActiveCfg = Debug|Any CPU
		{D9A035A5-7619-4630-9EDD-F1B9961F72B0}.Debug|Any CPU.Build.0 = Debug|Any CPU
		{D9A035A5-7619-4630-9EDD-F1B9961F72B0}.Release|Any CPU.ActiveCfg = Release|Any CPU
		{D9A035A5-7619-4630-9EDD-F1B9961F72B0}.Release|Any CPU.Build.0 = Release|Any CPU
		{7EA667F6-7454-47AD-9082-72102E66AF79}.Debug|Any CPU.ActiveCfg = Debug|Any CPU
		{7EA667F6-7454-47AD-9082-72102E66AF79}.Debug|Any CPU.Build.0 = Debug|Any CPU
		{7EA667F6-7454-47AD-9082-72102E66AF79}.Release|Any CPU.ActiveCfg = Release|Any CPU
		{7EA667F6-7454-47AD-9082-72102E66AF79}.Release|Any CPU.Build.0 = Release|Any CPU
		{B48EF787-0F5A-44AF-A16F-9665BED17F8F}.Debug|Any CPU.ActiveCfg = Debug|Any CPU
		{B48EF787-0F5A-44AF-A16F-9665BED17F8F}.Debug|Any CPU.Build.0 = Debug|Any CPU
		{B48EF787-0F5A-44AF-A16F-9665BED17F8F}.Release|Any CPU.ActiveCfg = Release|Any CPU
		{B48EF787-0F5A-44AF-A16F-9665BED17F8F}.Release|Any CPU.Build.0 = Release|Any CPU
		{35091CE2-1CE9-4025-BD60-8A3042DA6433}.Debug|Any CPU.ActiveCfg = Debug|Any CPU
		{35091CE2-1CE9-4025-BD60-8A3042DA6433}.Debug|Any CPU.Build.0 = Debug|Any CPU
		{35091CE2-1CE9-4025-BD60-8A3042DA6433}.Release|Any CPU.ActiveCfg = Release|Any CPU
		{35091CE2-1CE9-4025-BD60-8A3042DA6433}.Release|Any CPU.Build.0 = Release|Any CPU
		{FCBBDC2A-B65D-455B-841E-83F0EBB777C1}.Debug|Any CPU.ActiveCfg = Debug|Any CPU
		{FCBBDC2A-B65D-455B-841E-83F0EBB777C1}.Debug|Any CPU.Build.0 = Debug|Any CPU
		{FCBBDC2A-B65D-455B-841E-83F0EBB777C1}.Release|Any CPU.ActiveCfg = Release|Any CPU
		{FCBBDC2A-B65D-455B-841E-83F0EBB777C1}.Release|Any CPU.Build.0 = Release|Any CPU
		{46551A1F-B33D-4B91-AD6A-88D5FDB8A93D}.Debug|Any CPU.ActiveCfg = Debug|Any CPU
		{46551A1F-B33D-4B91-AD6A-88D5FDB8A93D}.Debug|Any CPU.Build.0 = Debug|Any CPU
		{46551A1F-B33D-4B91-AD6A-88D5FDB8A93D}.Release|Any CPU.ActiveCfg = Release|Any CPU
		{46551A1F-B33D-4B91-AD6A-88D5FDB8A93D}.Release|Any CPU.Build.0 = Release|Any CPU
		{7ECF238B-3AAF-4DA3-A9C8-735F85769124}.Debug|Any CPU.ActiveCfg = Debug|Any CPU
		{7ECF238B-3AAF-4DA3-A9C8-735F85769124}.Debug|Any CPU.Build.0 = Debug|Any CPU
		{7ECF238B-3AAF-4DA3-A9C8-735F85769124}.Release|Any CPU.ActiveCfg = Release|Any CPU
		{7ECF238B-3AAF-4DA3-A9C8-735F85769124}.Release|Any CPU.Build.0 = Release|Any CPU
		{C2EFA489-73B1-4E13-B61A-91333C2D6316}.Debug|Any CPU.ActiveCfg = Debug|Any CPU
		{C2EFA489-73B1-4E13-B61A-91333C2D6316}.Debug|Any CPU.Build.0 = Debug|Any CPU
		{C2EFA489-73B1-4E13-B61A-91333C2D6316}.Release|Any CPU.ActiveCfg = Release|Any CPU
		{C2EFA489-73B1-4E13-B61A-91333C2D6316}.Release|Any CPU.Build.0 = Release|Any CPU
	EndGlobalSection
	GlobalSection(SolutionProperties) = preSolution
		HideSolutionNode = FALSE
	EndGlobalSection
	GlobalSection(ExtensibilityGlobals) = postSolution
		SolutionGuid = {40A9315C-1FD7-4FB9-A75A-99501541115D}
	EndGlobalSection
EndGlobal
